{
  "version": 4,
  "terraform_version": "1.9.8",
  "serial": 1,
  "lineage": "e8fede29-fa01-b2d0-d75a-e904cb7b4c85",
  "outputs": {},
  "resources": [
    {
      "mode": "managed",
      "type": "docker_image",
      "name": "mysql",
      "provider": "provider[\"registry.terraform.io/kreuzwerker/docker\"]",
      "instances": [
        {
          "schema_version": 0,
          "attributes": {
            "build": [],
            "force_remove": null,
            "id": "sha256:10db11fef9ce975df1539448189656f9e3251b7984130c7a86e1b348bf298a89mysql:latest",
            "image_id": "sha256:10db11fef9ce975df1539448189656f9e3251b7984130c7a86e1b348bf298a89",
            "keep_locally": null,
            "latest": "sha256:10db11fef9ce975df1539448189656f9e3251b7984130c7a86e1b348bf298a89",
            "name": "mysql:latest",
            "output": null,
            "pull_trigger": null,
            "pull_triggers": null,
            "repo_digest": "mysql@sha256:2be51594eba5983f47e67ff5cb87d666a223e309c6c64450f30b5c59a788ea40",
            "triggers": null
          },
          "sensitive_attributes": [],
          "private": "bnVsbA=="
        }
      ]
    }
  ],
  "check_results": null
}
